# THIS IS AN AUTOGENERATED FILE. DO NOT EDIT THIS FILE DIRECTLY.
# yarn lockfile v1


autoprefixer@^10.4.14:
  version "10.4.19"
  resolved "https://registry.yarnpkg.com/autoprefixer/-/autoprefixer-10.4.19.tgz#ad25a856e82ee9d7898c59583c1afeb3fa65f89f"
  integrity sha512-BaENR2+zBZ8xXhM4pUaKUxlVdxZ0EZhjvbopwnXmxRUfqDmwSpC2lAi/QXvx7NRdPCo1WKEcEF6mV64si1z4Ew==
  dependencies:
    browserslist "^4.23.0"
    caniuse-lite "^1.0.30001599"
    fraction.js "^4.3.7"
    normalize-range "^0.1.2"
    picocolors "^1.0.0"
    postcss-value-parser "^4.2.0"

browserslist@^4.23.0:
  version "4.23.1"
  resolved "https://registry.yarnpkg.com/browserslist/-/browserslist-4.23.1.tgz#ce4af0534b3d37db5c1a4ca98b9080f985041e96"
  integrity sha512-TUfofFo/KsK/bWZ9TWQ5O26tsWW4Uhmt8IYklbnUa70udB6P2wA7w7o4PY4muaEPBQaAX+CEnmmIA41NVHtPVw==
  dependencies:
    caniuse-lite "^1.0.30001629"
    electron-to-chromium "^1.4.796"
    node-releases "^2.0.14"
    update-browserslist-db "^1.0.16"

caniuse-lite@^1.0.30001599, caniuse-lite@^1.0.30001629:
  version "1.0.30001632"
  resolved "https://registry.yarnpkg.com/caniuse-lite/-/caniuse-lite-1.0.30001632.tgz#964207b7cba5851701afb4c8afaf1448db3884b6"
  integrity sha512-udx3o7yHJfUxMLkGohMlVHCvFvWmirKh9JAH/d7WOLPetlH+LTL5cocMZ0t7oZx/mdlOWXti97xLZWc8uURRHg==

cssesc@^3.0.0:
  version "3.0.0"
  resolved "https://registry.yarnpkg.com/cssesc/-/cssesc-3.0.0.tgz#37741919903b868565e1c09ea747445cd18983ee"
  integrity sha512-/Tb/JcjK111nNScGob5MNtsntNM1aCNUDipB/TkwZFhyDrrE47SOx/18wF2bbjgc3ZzCSKW1T5nt5EbFoAz/Vg==

electron-to-chromium@^1.4.796:
  version "1.4.799"
  resolved "https://registry.yarnpkg.com/electron-to-chromium/-/electron-to-chromium-1.4.799.tgz#271c56654ab4dc703037e47a5af4fc8945160611"
  integrity sha512-3D3DwWkRTzrdEpntY0hMLYwj7SeBk1138CkPE8sBDSj3WzrzOiG2rHm3luw8jucpf+WiyLBCZyU9lMHyQI9M9Q==

escalade@^3.1.2:
  version "3.1.2"
  resolved "https://registry.yarnpkg.com/escalade/-/escalade-3.1.2.tgz#54076e9ab29ea5bf3d8f1ed62acffbb88272df27"
  integrity sha512-ErCHMCae19vR8vQGe50xIsVomy19rg6gFu3+r3jkEO46suLMWBksvVyoGgQV+jOfl84ZSOSlmv6Gxa89PmTGmA==

fraction.js@^4.3.7:
  version "4.3.7"
  resolved "https://registry.yarnpkg.com/fraction.js/-/fraction.js-4.3.7.tgz#06ca0085157e42fda7f9e726e79fefc4068840f7"
  integrity sha512-ZsDfxO51wGAXREY55a7la9LScWpwv9RxIrYABrlvOFBlH/ShPnrtsXeuUIfXKKOVicNxQ+o8JTbJvjS4M89yew==

function-bind@^1.1.2:
  version "1.1.2"
  resolved "https://registry.yarnpkg.com/function-bind/-/function-bind-1.1.2.tgz#2c02d864d97f3ea6c8830c464cbd11ab6eab7a1c"
  integrity sha512-7XHNxH7qX9xG5mIwxkhumTox/MIRNcOgDrxWsMt2pAr23WHp6MrRlN7FBSFpCpr+oVO0F744iUgR82nJMfG2SA==

hasown@^2.0.0:
  version "2.0.2"
  resolved "https://registry.yarnpkg.com/hasown/-/hasown-2.0.2.tgz#003eaf91be7adc372e84ec59dc37252cedb80003"
  integrity sha512-0hJU9SCPvmMzIBdZFqNPXWa6dqh7WdH0cII9y+CyS8rG3nL48Bclra9HmKhVVUHyPWNH5Y7xDwAB7bfgSjkUMQ==
  dependencies:
    function-bind "^1.1.2"

is-core-module@^2.13.0:
  version "2.13.1"
  resolved "https://registry.yarnpkg.com/is-core-module/-/is-core-module-2.13.1.tgz#ad0d7532c6fea9da1ebdc82742d74525c6273384"
  integrity sha512-hHrIjvZsftOsvKSn2TRYl63zvxsgE0K+0mYMoH6gD4omR5IWB2KynivBQczo3+wF1cCkjzvptnI9Q0sPU66ilw==
  dependencies:
    hasown "^2.0.0"

nanoid@^3.3.7:
  version "3.3.7"
  resolved "https://registry.yarnpkg.com/nanoid/-/nanoid-3.3.7.tgz#d0c301a691bc8d54efa0a2226ccf3fe2fd656bd8"
  integrity sha512-eSRppjcPIatRIMC1U6UngP8XFcz8MQWGQdt1MTBQ7NaAmvXDfvNxbvWV3x2y6CdEUciCSsDHDQZbhYaB8QEo2g==

node-releases@^2.0.14:
  version "2.0.14"
  resolved "https://registry.yarnpkg.com/node-releases/-/node-releases-2.0.14.tgz#2ffb053bceb8b2be8495ece1ab6ce600c4461b0b"
  integrity sha512-y10wOWt8yZpqXmOgRo77WaHEmhYQYGNA6y421PKsKYWEK8aW+cqAphborZDhqfyKrbZEN92CN1X2KbafY2s7Yw==

normalize-range@^0.1.2:
  version "0.1.2"
  resolved "https://registry.yarnpkg.com/normalize-range/-/normalize-range-0.1.2.tgz#2d10c06bdfd312ea9777695a4d28439456b75942"
  integrity sha512-bdok/XvKII3nUpklnV6P2hxtMNrCboOjAcyBuQnWEhO665FwrSNRxU+AqpsyvO6LgGYPspN+lu5CLtw4jPRKNA==

path-parse@^1.0.7:
  version "1.0.7"
  resolved "https://registry.yarnpkg.com/path-parse/-/path-parse-1.0.7.tgz#fbc114b60ca42b30d9daf5858e4bd68bbedb6735"
  integrity sha512-LDJzPVEEEPR+y48z93A0Ed0yXb8pAByGWo/k5YYdYgpY2/2EsOsksJrq7lOHxryrVOn1ejG6oAp8ahvOIQD8sw==

picocolors@^1.0.0, picocolors@^1.0.1:
  version "1.0.1"
  resolved "https://registry.yarnpkg.com/picocolors/-/picocolors-1.0.1.tgz#a8ad579b571952f0e5d25892de5445bcfe25aaa1"
  integrity sha512-anP1Z8qwhkbmu7MFP5iTt+wQKXgwzf7zTyGlcdzabySa9vd0Xt392U0rVmz9poOaBj0uHJKyyo9/upk0HrEQew==

pify@^2.3.0:
  version "2.3.0"
  resolved "https://registry.yarnpkg.com/pify/-/pify-2.3.0.tgz#ed141a6ac043a849ea588498e7dca8b15330e90c"
  integrity sha512-udgsAY+fTnvv7kI7aaxbqwWNb0AHiB0qBO89PZKPkoTmGOgdbrHDKD+0B2X4uTfJ/FT1R09r9gTsjUjNJotuog==

postcss-combine-duplicated-selectors@^10.0.3:
  version "10.0.3"
  resolved "https://registry.yarnpkg.com/postcss-combine-duplicated-selectors/-/postcss-combine-duplicated-selectors-10.0.3.tgz#71e8b6783e99cd560cf08ba7b896ad0db318c11c"
  integrity sha512-IP0BmwFloCskv7DV7xqvzDXqMHpwdczJa6ZvIW8abgHdcIHs9mCJX2ltFhu3EwA51ozp13DByng30+Ke+eIExA==
  dependencies:
    postcss-selector-parser "^6.0.4"

postcss-discard-comments@^7.0.0:
  version "7.0.0"
  resolved "https://registry.yarnpkg.com/postcss-discard-comments/-/postcss-discard-comments-7.0.0.tgz#3919e4237630f74927f3976ac5789cfc26731494"
  integrity sha512-xpSdzRqYmy4YIVmjfGyYXKaI1SRnK6CTr+4Zmvyof8ANwvgfZgGdVtmgAvzh59gJm808mJCWQC9tFN0KF5dEXA==

postcss-import@^16.1.0:
  version "16.1.0"
  resolved "https://registry.yarnpkg.com/postcss-import/-/postcss-import-16.1.0.tgz#258732175518129667fe1e2e2a05b19b5654b96a"
  integrity sha512-7hsAZ4xGXl4MW+OKEWCnF6T5jqBw80/EE9aXg1r2yyn1RsVEU8EtKXbijEODa+rg7iih4bKf7vlvTGYR4CnPNg==
  dependencies:
    postcss-value-parser "^4.0.0"
    read-cache "^1.0.0"
    resolve "^1.1.7"

postcss-minify@^1.1.0:
  version "1.1.0"
  resolved "https://registry.yarnpkg.com/postcss-minify/-/postcss-minify-1.1.0.tgz#3b1bf92c27c7503ccd8d9c7db9e4272b97c099f2"
  integrity sha512-9D64ueIW0DL2FdLajQTlXrnTN8Ox9NjuXqigKMmB819RhdClNPYx5Zp3i5x0ghjjy3vGrLBBYEYvJjY/1eMNbw==
  dependencies:
    postcss-selector-parser "^6.0"
    postcss-value-parser "^4.1"

postcss-selector-parser@^6.0, postcss-selector-parser@^6.0.4:
  version "6.1.0"
  resolved "https://registry.yarnpkg.com/postcss-selector-parser/-/postcss-selector-parser-6.1.0.tgz#49694cb4e7c649299fea510a29fa6577104bcf53"
  integrity sha512-UMz42UD0UY0EApS0ZL9o1XnLhSTtvvvLe5Dc2H2O56fvRZi+KulDyf5ctDhhtYJBGKStV2FL1fy6253cmLgqVQ==
  dependencies:
    cssesc "^3.0.0"
    util-deprecate "^1.0.2"

postcss-value-parser@^4.0.0, postcss-value-parser@^4.1, postcss-value-parser@^4.2.0:
  version "4.2.0"
  resolved "https://registry.yarnpkg.com/postcss-value-parser/-/postcss-value-parser-4.2.0.tgz#723c09920836ba6d3e5af019f92bc0971c02e514"
  integrity sha512-1NNCs6uurfkVbeXG4S8JFT9t19m45ICnif8zWLd5oPSZ50QnwMfK+H3jv408d4jw/7Bttv5axS5IiHoLaVNHeQ==

postcss@^8.4.23:
  version "8.4.38"
  resolved "https://registry.yarnpkg.com/postcss/-/postcss-8.4.38.tgz#b387d533baf2054288e337066d81c6bee9db9e0e"
  integrity sha512-Wglpdk03BSfXkHoQa3b/oulrotAkwrlLDRSOb9D0bN86FdRyE9lppSp33aHNPgBa0JKCoB+drFLZkQoRRYae5A==
  dependencies:
    nanoid "^3.3.7"
    picocolors "^1.0.0"
    source-map-js "^1.2.0"

read-cache@^1.0.0:
  version "1.0.0"
  resolved "https://registry.yarnpkg.com/read-cache/-/read-cache-1.0.0.tgz#e664ef31161166c9751cdbe8dbcf86b5fb58f774"
  integrity sha512-Owdv/Ft7IjOgm/i0xvNDZ1LrRANRfew4b2prF3OWMQLxLfu3bS8FVhCsrSCMK4lR56Y9ya+AThoTpDCTxCmpRA==
  dependencies:
    pify "^2.3.0"

resolve@^1.1.7:
  version "1.22.8"
  resolved "https://registry.yarnpkg.com/resolve/-/resolve-1.22.8.tgz#b6c87a9f2aa06dfab52e3d70ac8cde321fa5a48d"
  integrity sha512-oKWePCxqpd6FlLvGV1VU0x7bkPmmCNolxzjMf4NczoDnQcIWrAF+cPtZn5i6n+RfD2d9i0tzpKnG6Yk168yIyw==
  dependencies:
    is-core-module "^2.13.0"
    path-parse "^1.0.7"
    supports-preserve-symlinks-flag "^1.0.0"

source-map-js@^1.2.0:
  version "1.2.0"
  resolved "https://registry.yarnpkg.com/source-map-js/-/source-map-js-1.2.0.tgz#16b809c162517b5b8c3e7dcd315a2a5c2612b2af"
  integrity sha512-itJW8lvSA0TXEphiRoawsCksnlf8SyvmFzIhltqAHluXd88pkCd+cXJVHTDwdCr0IzwptSm035IHQktUu1QUMg==

style-forge.base@^5.0.1:
  version "5.0.1"
  resolved "https://registry.yarnpkg.com/style-forge.base/-/style-forge.base-5.0.1.tgz#98497318f88efb18cf5531a9af1522dd7725ad50"
  integrity sha512-acDpAFu0PCJDSMNbX5UkPUnPrNQOgQPSTAm9KDW82hWZeru95BOCvAJGW00sOroQMABC9DHS4BZmYVCMI2aAOQ==

style-forge.colors@^1.0.0:
  version "1.0.0"
  resolved "https://registry.yarnpkg.com/style-forge.colors/-/style-forge.colors-1.0.0.tgz#a1c122945a0fb3c7ec58b7846b346b4ed7f9d028"
  integrity sha512-9XqgrmaalsbXG+JPgCh0TrZDEEOuTA68tcVe1ZhEbYf98jHwERSFMj3CSwemTsGCF2yXjILdPcJLnK6+hpdI8g==

style-forge.form@^3.0.1:
  version "3.0.1"
  resolved "https://registry.yarnpkg.com/style-forge.form/-/style-forge.form-3.0.1.tgz#e2e7e3b36a5713175e807ea0399a0e059f5da551"
  integrity sha512-jQHzlg12QsTgvmCbDTUOeKRQHnoSeJsmGW16UnoONqJxhSmgv+3JjA0/Oosg/Qw0HzudwFE3+3I7GfYII3gxEw==

style-forge.helpers@^1.0.148:
  version "1.0.148"
  resolved "https://registry.yarnpkg.com/style-forge.helpers/-/style-forge.helpers-1.0.148.tgz#526750c5bc01f6a5dbff530bcf312cbcb147687d"
  integrity sha512-0C6s12QWvn4IZK/LjsYisYIL1Qls+SgYi1BrnPVuIpwyQlhgcepfNYQ4ZMdDwY5G6O7bbfLE03XBrSLAXX2I+w==

style-forge.patterns@^2.0.0:
  version "2.0.0"
  resolved "https://registry.yarnpkg.com/style-forge.patterns/-/style-forge.patterns-2.0.0.tgz#f7afa99d998f8f1279b5581c08cdf02abc14007c"
  integrity sha512-l9VOQe5qvUCFRwTmNt8+p5/0TcjRN08HaEIBw0LgVewaBAU133monoFShVTRP12+vNXXRxq+5zof9A3JkajxpQ==

style-forge.themes@^1.0.5:
  version "1.0.5"
  resolved "https://registry.yarnpkg.com/style-forge.themes/-/style-forge.themes-1.0.5.tgz#38e668098724297ff5e8b903bb906a86291a3491"
  integrity sha512-S4TjGsDMAz8Baa5hrKFfrKIwITBSnG0u6rKhUCZH0wMWydB5LJnFkUTRMFcOOEx6T0DMqdzxJwRarho1Hd/khQ==

supports-preserve-symlinks-flag@^1.0.0:
  version "1.0.0"
  resolved "https://registry.yarnpkg.com/supports-preserve-symlinks-flag/-/supports-preserve-symlinks-flag-1.0.0.tgz#6eda4bd344a3c94aea376d4cc31bc77311039e09"
  integrity sha512-ot0WnXS9fgdkgIcePe6RHNk1WA8+muPa6cSjeR3V8K27q9BB1rTE3R1p7Hv0z1ZyAc8s6Vvv8DIyWf681MAt0w==

update-browserslist-db@^1.0.16:
  version "1.0.16"
  resolved "https://registry.yarnpkg.com/update-browserslist-db/-/update-browserslist-db-1.0.16.tgz#f6d489ed90fb2f07d67784eb3f53d7891f736356"
  integrity sha512-KVbTxlBYlckhF5wgfyZXTWnMn7MMZjMu9XG8bPlliUOP9ThaF4QnhP8qrjrH7DRzHfSk0oQv1wToW+iA5GajEQ==
  dependencies:
    escalade "^3.1.2"
    picocolors "^1.0.1"

util-deprecate@^1.0.2:
  version "1.0.2"
  resolved "https://registry.yarnpkg.com/util-deprecate/-/util-deprecate-1.0.2.tgz#450d4dc9fa70de732762fbd2d4a28981419a0ccf"
  integrity sha512-EPD5q1uXyFxJpCrLnCc1nHnq3gOa6DZBocAIiI2TaSCA7VCJ1UJDMagCzIkXNsUYfD1daK//LTEQ8xiIbrHtcw==
